{
  "name": "coloma-design-system",
  "version": "1.0.0",
  "lockfileVersion": 3,
  "requires": true,
  "packages": {
    "": {
      "name": "coloma-design-system",
      "version": "1.0.0",
      "license": "ISC",
      "workspaces": [
        "packages/*",
        "apps/*"
      ]
    },
    "node_modules/@coloma-design/tokens": {
      "resolved": "packages/tokens",
      "link": true
    },
    "packages/tokens": {
      "name": "@coloma-design/tokens",
      "version": "1.0.0",
      "license": "MIT"
    }
  }
}
